{
  "originHash" : "d9b8ad8aeae96a6af714cfd06e8ff331977330a523b08c01b509484462660f90",
  "pins" : [
    {
      "identity" : "libssh2-spm",
      "kind" : "remoteSourceControl",
      "location" : "https://github.com/Lakr233/libssh2-spm.git",
      "state" : {
        "revision" : "d211fdf8587532cd952927d9f9f3f5167ce6a77f",
        "version" : "2.0.3"
      }
    },
    {
      "identity" : "openssl-spm",
      "kind" : "remoteSourceControl",
      "location" : "https://github.com/Lakr233/openssl-spm.git",
      "state" : {
        "revision" : "9f3b525d960fe71e534482310e96cd9c4f2faa17",
        "version" : "3.6.2"
      }
    }
  ],
  "version" : 3
}
